# THIS IS AN AUTOGENERATED FILE. DO NOT EDIT THIS FILE DIRECTLY.
# yarn lockfile v1


"@fortawesome/fontawesome-free@^5.15.4":
  version "5.15.4"
  resolved "https://artifactory.oci.oraclecorp.com:443/api/npm/global-release-npm/@fortawesome/fontawesome-free/-/fontawesome-free-5.15.4.tgz#ecda5712b61ac852c760d8b3c79c96adca5554e5"
  integrity sha1-7NpXErYayFLHYNizx5yWrcpVVOU=

angular-resource@1.6.7:
  version "1.6.7"
  resolved "https://artifactory.oci.oraclecorp.com:443/api/npm/global-release-npm/angular-resource/-/angular-resource-1.6.7.tgz#1ac9a33d1715f2042c1321c82ca307e694ffdc93"
  integrity sha1-GsmjPRcV8gQsEyHILKMH5pT/3JM=

angular-route@1.6.7:
  version "1.6.7"
  resolved "https://artifactory.oci.oraclecorp.com:443/api/npm/global-release-npm/angular-route/-/angular-route-1.6.7.tgz#020970d93d8b2ce4ca6aff0e0d7922579543cbcf"
  integrity sha1-Aglw2T2LLOTKav8ODXkiV5VDy88=

angular@1.6.7:
  version "1.6.7"
  resolved "https://artifactory.oci.oraclecorp.com:443/api/npm/global-release-npm/angular/-/angular-1.6.7.tgz#0f89837dae1776b01ccb1fa2096db0d9373d9897"
  integrity sha1-D4mDfa4XdrAcyx+iCW2w2Tc9mJc=

bootstrap@3.3.7:
  version "3.3.7"
  resolved "https://artifactory.oci.oraclecorp.com:443/api/npm/global-release-npm/bootstrap/-/bootstrap-3.3.7.tgz#5a389394549f23330875a3b150656574f8a9eb71"
  integrity sha1-WjiTlFSfIzMIdaOxUGVldPip63E=

jquery@2.1.1:
  version "2.1.1"
  resolved "https://artifactory.oci.oraclecorp.com:443/api/npm/global-release-npm/jquery/-/jquery-2.1.1.tgz#828fc60f50f7ee5983363ef4eb01c5f70af4bd5b"
  integrity sha1-go/GD1D37lmDNj706wHF9wr0vVs=

lodash@4.17.4:
  version "4.17.4"
  resolved "https://artifactory.oci.oraclecorp.com:443/api/npm/global-release-npm/lodash/-/lodash-4.17.4.tgz#78203a4d1c328ae1d86dca6460e369b57f4055ae"
  integrity sha1-eCA6TRwyiuHYbcpkYONptX9AVa4=
